{"1.1.0",
[{<<"cache">>,{pkg,<<"cache">>,<<"2.3.1">>},0},
 {<<"certifi">>,{pkg,<<"certifi">>,<<"2.5.1">>},3},
 {<<"datalog">>,{pkg,<<"datalog">>,<<"2.0.2">>},0},
 {<<"datum">>,{pkg,<<"datum">>,<<"4.6.0">>},0},
 {<<"esio">>,
  {git,"https://github.com/fogfish/esio",
       {ref,"9c395a924da036a637d07a84e140ed458a7245ca"}},
  0},
 {<<"feta">>,
  {git,"https://github.com/fogfish/feta",
       {ref,"c5d251b3f995b96afd5e8ec7da61516842aa658c"}},
  0},
 {<<"hackney">>,{pkg,<<"hackney">>,<<"1.15.1">>},2},
 {<<"hash">>,
  {git,"https://github.com/fogfish/hash",
       {ref,"a1b9101189e115b4eabbe941639f3c626614e986"}},
  0},
 {<<"idna">>,{pkg,<<"idna">>,<<"6.0.0">>},3},
 {<<"jsx">>,{pkg,<<"jsx">>,<<"2.10.0">>},1},
 {<<"m_http">>,{pkg,<<"m_http">>,<<"0.2.0">>},1},
 {<<"meck">>,{pkg,<<"meck">>,<<"0.8.13">>},1},
 {<<"metrics">>,{pkg,<<"metrics">>,<<"1.0.1">>},3},
 {<<"mimerl">>,{pkg,<<"mimerl">>,<<"1.2.0">>},3},
 {<<"parse_trans">>,{pkg,<<"parse_trans">>,<<"3.3.0">>},4},
 {<<"pipe">>,{pkg,<<"pipes">>,<<"2.0.1">>},1},
 {<<"semantic">>,
  {git,"https://github.com/fogfish/semantic",
       {ref,"d80197b0c9402521d0c43ede8260162785b596ec"}},
  0},
 {<<"ssl_verify_fun">>,{pkg,<<"ssl_verify_fun">>,<<"1.1.4">>},3},
 {<<"uid">>,{pkg,<<"uid">>,<<"1.3.3">>},1},
 {<<"unicode_util_compat">>,{pkg,<<"unicode_util_compat">>,<<"0.4.1">>},4}]}.
[
{pkg_hash,[
 {<<"cache">>, <<"6A1DB9CBE0B7819F6D70C2364DED89B27E89F3E3999C276C8221019EB8F62D0E">>},
 {<<"certifi">>, <<"867CE347F7C7D78563450A18A6A28A8090331E77FA02380B4A21962A65D36EE5">>},
 {<<"datalog">>, <<"E51D71086AAA8470E79224225905E814C764A46800378E6DB00AC2F888651F82">>},
 {<<"datum">>, <<"680B4694E1D13A140CF7759DBCA1BFA8139F602A05B1A1B03B998129BC80C515">>},
 {<<"hackney">>, <<"9F8F471C844B8CE395F7B6D8398139E26DDCA9EBC171A8B91342EE15A19963F4">>},
 {<<"idna">>, <<"689C46CBCDF3524C44D5F3DDE8001F364CD7608A99556D8FBD8239A5798D4C10">>},
 {<<"jsx">>, <<"77760560D6AC2B8C51FD4C980E9E19B784016AA70BE354CE746472C33BEB0B1C">>},
 {<<"m_http">>, <<"487F2F9B74D31B4811B47E1D78D2CA92C9DB76D3FCC0CED8812B2BB3563A2A95">>},
 {<<"meck">>, <<"FFEDB39F99B0B99703B8601C6F17C7F76313EE12DE6B646E671E3188401F7866">>},
 {<<"metrics">>, <<"25F094DEA2CDA98213CECC3AEFF09E940299D950904393B2A29D191C346A8486">>},
 {<<"mimerl">>, <<"67E2D3F571088D5CFD3E550C383094B47159F3EEE8FFA08E64106CDF5E981BE3">>},
 {<<"parse_trans">>, <<"09765507A3C7590A784615CFD421D101AEC25098D50B89D7AA1D66646BC571C1">>},
 {<<"pipe">>, <<"A2B56796C63690ED0E78BB77BB389AF250BD70AFA15A6869369DBDC11087D68F">>},
 {<<"ssl_verify_fun">>, <<"F0EAFFF810D2041E93F915EF59899C923F4568F4585904D010387ED74988E77B">>},
 {<<"uid">>, <<"31CA7E3C9D53716A2FF425E18A33E32C141B763D47B174F757D7CAF7E4228A67">>},
 {<<"unicode_util_compat">>, <<"D869E4C68901DD9531385BB0C8C40444EBF624E60B6962D95952775CAC5E90CD">>}]}
].
